
Microsoft Visual Studio Solution File, Format Version 12.00
# Visual Studio Version 16
VisualStudioVersion = 16.0.31205.134
MinimumVisualStudioVersion = 10.0.40219.1
Project("{8BC9CEB8-8B4A-11D0-8D11-00A0C91BC942}") = "rabin_karp", "rabin_karp.vcxproj", "{9D0D1318-7255-4B2B-AB79-D349485C5474}"
EndProject
Project("{8BC9CEB8-8B4A-11D0-8D11-00A0C91BC942}") = "rabin_karp_cpu", "..\rabin_karp_cpu\rabin_karp_cpu.vcxproj", "{6600B1E3-3CFD-4BE8-9079-91C61AD89EE9}"
EndProject
Global
	GlobalSection(SolutionConfigurationPlatforms) = preSolution
		Debug|x64 = Debug|x64
		Debug|x86 = Debug|x86
		Release|x64 = Release|x64
		Release|x86 = Release|x86
	EndGlobalSection
	GlobalSection(ProjectConfigurationPlatforms) = postSolution
		{9D0D1318-7255-4B2B-AB79-D349485C5474}.Debug|x64.ActiveCfg = Debug|x64
		{9D0D1318-7255-4B2B-AB79-D349485C5474}.Debug|x64.Build.0 = Debug|x64
		{9D0D1318-7255-4B2B-AB79-D349485C5474}.Debug|x86.ActiveCfg = Debug|x64
		{9D0D1318-7255-4B2B-AB79-D349485C5474}.Release|x64.ActiveCfg = Release|x64
		{9D0D1318-7255-4B2B-AB79-D349485C5474}.Release|x64.Build.0 = Release|x64
		{9D0D1318-7255-4B2B-AB79-D349485C5474}.Release|x86.ActiveCfg = Release|x64
		{6600B1E3-3CFD-4BE8-9079-91C61AD89EE9}.Debug|x64.ActiveCfg = Debug|x64
		{6600B1E3-3CFD-4BE8-9079-91C61AD89EE9}.Debug|x64.Build.0 = Debug|x64
		{6600B1E3-3CFD-4BE8-9079-91C61AD89EE9}.Debug|x86.ActiveCfg = Debug|Win32
		{6600B1E3-3CFD-4BE8-9079-91C61AD89EE9}.Debug|x86.Build.0 = Debug|Win32
		{6600B1E3-3CFD-4BE8-9079-91C61AD89EE9}.Release|x64.ActiveCfg = Release|x64
		{6600B1E3-3CFD-4BE8-9079-91C61AD89EE9}.Release|x64.Build.0 = Release|x64
		{6600B1E3-3CFD-4BE8-9079-91C61AD89EE9}.Release|x86.ActiveCfg = Release|Win32
		{6600B1E3-3CFD-4BE8-9079-91C61AD89EE9}.Release|x86.Build.0 = Release|Win32
	EndGlobalSection
	GlobalSection(SolutionProperties) = preSolution
		HideSolutionNode = FALSE
	EndGlobalSection
	GlobalSection(ExtensibilityGlobals) = postSolution
		SolutionGuid = {BC1987A3-66D4-4D16-84A8-C071397BF5D5}
	EndGlobalSection
EndGlobal
